# This file was autogenerated by Stack.
# You should not edit this file by hand.
# For more information, please see the documentation at:
#   https://docs.haskellstack.org/en/stable/lock_files

packages:
- completed:
    hackage: GLFW-b-1.4.8.1@sha256:dcca26c624e7acafa73e5550f9dfa3c5f1a324635342c14f5fced586a224f0c8,2116
    pantry-tree:
      size: 481
      sha256: 670bcaefbca236dd240a5fa465870f0d21d99327d62b5965dd15a5578b5c5cfe
  original:
    hackage: GLFW-b-1.4.8.1
- completed:
    hackage: bindings-GLFW-3.1.2.4@sha256:3207a1808d593e2ded032ae5303b1f8a21ac3b9d1614cedef831a0238453c29e,5842
    pantry-tree:
      size: 4088
      sha256: 8ab3a6060c67ad2900bd330632f632f74970ae91a8e2c2978748527406afdecc
  original:
    hackage: bindings-GLFW-3.1.2.4
snapshots:
- completed:
    size: 567679
    url: https://raw.githubusercontent.com/commercialhaskell/stackage-snapshots/master/lts/17/15.yaml
    sha256: 72e87841a0ab5b72f6f018e8ee692fd972b7bb32a944990f028e10d6eb528e63
  original: lts-17.15
