# This file was autogenerated by Stack.
# You should not edit this file by hand.
# For more information, please see the documentation at:
#   https://docs.haskellstack.org/en/stable/lock_files

packages:
- completed:
    hackage: GLFW-b-1.4.8.1@sha256:dcca26c624e7acafa73e5550f9dfa3c5f1a324635342c14f5fced586a224f0c8,2116
    pantry-tree:
      size: 481
      sha256: 670bcaefbca236dd240a5fa465870f0d21d99327d62b5965dd15a5578b5c5cfe
  original:
    hackage: GLFW-b-1.4.8.1
- completed:
    hackage: bindings-GLFW-3.1.2.3@sha256:fc8b94ff6f9bb564e17766796afb1a8f5c74e8c6265e40b84cddf784fc7423e0,5928
    pantry-tree:
      size: 4147
      sha256: 22020b8e1dddb32f06cf38bc6d00fbc3f4acbc81f5ca432ea520866a7c057cac
  original:
    hackage: bindings-GLFW-3.1.2.3
snapshots:
- completed:
    size: 567342
    url: https://raw.githubusercontent.com/commercialhaskell/stackage-snapshots/master/lts/10/3.yaml
    sha256: b3d22b89ec630597ad007088e98aa1c8d04844b6c0f23970b513a2862e0b8f0a
  original: lts-10.3
